
Microsoft Visual Studio Solution File, Format Version 12.00
# Visual Studio 15
VisualStudioVersion = 15.0.26124.0
MinimumVisualStudioVersion = 15.0.26124.0
Project("{FAE04EC0-301F-11D3-BF4B-00C04F79EFBC}") = "Domain", "Domain\Domain.csproj", "{C7757A03-0589-4A93-AC01-ABDE5867447F}"
EndProject
Project("{FAE04EC0-301F-11D3-BF4B-00C04F79EFBC}") = "Persistence", "Persistence\Persistence.csproj", "{17FA6C4E-8E3A-4ABC-B959-EDEE73AD4E01}"
EndProject
Project("{FAE04EC0-301F-11D3-BF4B-00C04F79EFBC}") = "Application", "Application\Application.csproj", "{CDD95F97-5396-4B05-AC67-B4A09FCB5860}"
EndProject
Project("{FAE04EC0-301F-11D3-BF4B-00C04F79EFBC}") = "API", "API\API.csproj", "{7684BDDA-1BFE-48DE-829F-4C62861454BE}"
EndProject
Global
	GlobalSection(SolutionConfigurationPlatforms) = preSolution
		Debug|Any CPU = Debug|Any CPU
		Debug|x64 = Debug|x64
		Debug|x86 = Debug|x86
		Release|Any CPU = Release|Any CPU
		Release|x64 = Release|x64
		Release|x86 = Release|x86
	EndGlobalSection
	GlobalSection(SolutionProperties) = preSolution
		HideSolutionNode = FALSE
	EndGlobalSection
	GlobalSection(ProjectConfigurationPlatforms) = postSolution
		{C7757A03-0589-4A93-AC01-ABDE5867447F}.Debug|Any CPU.ActiveCfg = Debug|Any CPU
		{C7757A03-0589-4A93-AC01-ABDE5867447F}.Debug|Any CPU.Build.0 = Debug|Any CPU
		{C7757A03-0589-4A93-AC01-ABDE5867447F}.Debug|x64.ActiveCfg = Debug|Any CPU
		{C7757A03-0589-4A93-AC01-ABDE5867447F}.Debug|x64.Build.0 = Debug|Any CPU
		{C7757A03-0589-4A93-AC01-ABDE5867447F}.Debug|x86.ActiveCfg = Debug|Any CPU
		{C7757A03-0589-4A93-AC01-ABDE5867447F}.Debug|x86.Build.0 = Debug|Any CPU
		{C7757A03-0589-4A93-AC01-ABDE5867447F}.Release|Any CPU.ActiveCfg = Release|Any CPU
		{C7757A03-0589-4A93-AC01-ABDE5867447F}.Release|Any CPU.Build.0 = Release|Any CPU
		{C7757A03-0589-4A93-AC01-ABDE5867447F}.Release|x64.ActiveCfg = Release|Any CPU
		{C7757A03-0589-4A93-AC01-ABDE5867447F}.Release|x64.Build.0 = Release|Any CPU
		{C7757A03-0589-4A93-AC01-ABDE5867447F}.Release|x86.ActiveCfg = Release|Any CPU
		{C7757A03-0589-4A93-AC01-ABDE5867447F}.Release|x86.Build.0 = Release|Any CPU
		{17FA6C4E-8E3A-4ABC-B959-EDEE73AD4E01}.Debug|Any CPU.ActiveCfg = Debug|Any CPU
		{17FA6C4E-8E3A-4ABC-B959-EDEE73AD4E01}.Debug|Any CPU.Build.0 = Debug|Any CPU
		{17FA6C4E-8E3A-4ABC-B959-EDEE73AD4E01}.Debug|x64.ActiveCfg = Debug|Any CPU
		{17FA6C4E-8E3A-4ABC-B959-EDEE73AD4E01}.Debug|x64.Build.0 = Debug|Any CPU
		{17FA6C4E-8E3A-4ABC-B959-EDEE73AD4E01}.Debug|x86.ActiveCfg = Debug|Any CPU
		{17FA6C4E-8E3A-4ABC-B959-EDEE73AD4E01}.Debug|x86.Build.0 = Debug|Any CPU
		{17FA6C4E-8E3A-4ABC-B959-EDEE73AD4E01}.Release|Any CPU.ActiveCfg = Release|Any CPU
		{17FA6C4E-8E3A-4ABC-B959-EDEE73AD4E01}.Release|Any CPU.Build.0 = Release|Any CPU
		{17FA6C4E-8E3A-4ABC-B959-EDEE73AD4E01}.Release|x64.ActiveCfg = Release|Any CPU
		{17FA6C4E-8E3A-4ABC-B959-EDEE73AD4E01}.Release|x64.Build.0 = Release|Any CPU
		{17FA6C4E-8E3A-4ABC-B959-EDEE73AD4E01}.Release|x86.ActiveCfg = Release|Any CPU
		{17FA6C4E-8E3A-4ABC-B959-EDEE73AD4E01}.Release|x86.Build.0 = Release|Any CPU
		{CDD95F97-5396-4B05-AC67-B4A09FCB5860}.Debug|Any CPU.ActiveCfg = Debug|Any CPU
		{CDD95F97-5396-4B05-AC67-B4A09FCB5860}.Debug|Any CPU.Build.0 = Debug|Any CPU
		{CDD95F97-5396-4B05-AC67-B4A09FCB5860}.Debug|x64.ActiveCfg = Debug|Any CPU
		{CDD95F97-5396-4B05-AC67-B4A09FCB5860}.Debug|x64.Build.0 = Debug|Any CPU
		{CDD95F97-5396-4B05-AC67-B4A09FCB5860}.Debug|x86.ActiveCfg = Debug|Any CPU
		{CDD95F97-5396-4B05-AC67-B4A09FCB5860}.Debug|x86.Build.0 = Debug|Any CPU
		{CDD95F97-5396-4B05-AC67-B4A09FCB5860}.Release|Any CPU.ActiveCfg = Release|Any CPU
		{CDD95F97-5396-4B05-AC67-B4A09FCB5860}.Release|Any CPU.Build.0 = Release|Any CPU
		{CDD95F97-5396-4B05-AC67-B4A09FCB5860}.Release|x64.ActiveCfg = Release|Any CPU
		{CDD95F97-5396-4B05-AC67-B4A09FCB5860}.Release|x64.Build.0 = Release|Any CPU
		{CDD95F97-5396-4B05-AC67-B4A09FCB5860}.Release|x86.ActiveCfg = Release|Any CPU
		{CDD95F97-5396-4B05-AC67-B4A09FCB5860}.Release|x86.Build.0 = Release|Any CPU
		{7684BDDA-1BFE-48DE-829F-4C62861454BE}.Debug|Any CPU.ActiveCfg = Debug|Any CPU
		{7684BDDA-1BFE-48DE-829F-4C62861454BE}.Debug|Any CPU.Build.0 = Debug|Any CPU
		{7684BDDA-1BFE-48DE-829F-4C62861454BE}.Debug|x64.ActiveCfg = Debug|Any CPU
		{7684BDDA-1BFE-48DE-829F-4C62861454BE}.Debug|x64.Build.0 = Debug|Any CPU
		{7684BDDA-1BFE-48DE-829F-4C62861454BE}.Debug|x86.ActiveCfg = Debug|Any CPU
		{7684BDDA-1BFE-48DE-829F-4C62861454BE}.Debug|x86.Build.0 = Debug|Any CPU
		{7684BDDA-1BFE-48DE-829F-4C62861454BE}.Release|Any CPU.ActiveCfg = Release|Any CPU
		{7684BDDA-1BFE-48DE-829F-4C62861454BE}.Release|Any CPU.Build.0 = Release|Any CPU
		{7684BDDA-1BFE-48DE-829F-4C62861454BE}.Release|x64.ActiveCfg = Release|Any CPU
		{7684BDDA-1BFE-48DE-829F-4C62861454BE}.Release|x64.Build.0 = Release|Any CPU
		{7684BDDA-1BFE-48DE-829F-4C62861454BE}.Release|x86.ActiveCfg = Release|Any CPU
		{7684BDDA-1BFE-48DE-829F-4C62861454BE}.Release|x86.Build.0 = Release|Any CPU
	EndGlobalSection
EndGlobal
